
Microsoft Visual Studio Solution File, Format Version 12.00
# Visual Studio Version 17
VisualStudioVersion = 17.14.37111.16 d17.14
MinimumVisualStudioVersion = 10.0.40219.1
Project("{FAE04EC0-301F-11D3-BF4B-00C04F79EFBC}") = "AgendaWinFormsSQLite", "AgendaWinFormsSQLite\AgendaWinFormsSQLite.csproj", "{1B1DC0FF-E847-4AC7-8999-6A155CCDCF7B}"
EndProject
Global
	GlobalSection(SolutionConfigurationPlatforms) = preSolution
		Debug|Any CPU = Debug|Any CPU
		Release|Any CPU = Release|Any CPU
	EndGlobalSection
	GlobalSection(ProjectConfigurationPlatforms) = postSolution
		{1B1DC0FF-E847-4AC7-8999-6A155CCDCF7B}.Debug|Any CPU.ActiveCfg = Debug|Any CPU
		{1B1DC0FF-E847-4AC7-8999-6A155CCDCF7B}.Debug|Any CPU.Build.0 = Debug|Any CPU
		{1B1DC0FF-E847-4AC7-8999-6A155CCDCF7B}.Release|Any CPU.ActiveCfg = Release|Any CPU
		{1B1DC0FF-E847-4AC7-8999-6A155CCDCF7B}.Release|Any CPU.Build.0 = Release|Any CPU
	EndGlobalSection
	GlobalSection(SolutionProperties) = preSolution
		HideSolutionNode = FALSE
	EndGlobalSection
	GlobalSection(ExtensibilityGlobals) = postSolution
		SolutionGuid = {79E9DE38-154D-448D-BAE0-2F928E8538CC}
	EndGlobalSection
EndGlobal
